{
  "name": "DataCRUDClients",
  "lockfileVersion": 3,
  "requires": true,
  "packages": {
    "": {
      "dependencies": {
        "react-export-table-to-excel": "^1.0.6"
      }
    },
    "node_modules/react-export-table-to-excel": {
      "version": "1.0.6",
      "resolved": "https://registry.npmjs.org/react-export-table-to-excel/-/react-export-table-to-excel-1.0.6.tgz",
      "integrity": "sha512-2NKyor1rFFEqYDXQq5tPoVNwwdv5kT8DWc65wAmDa9Hi0441qHj0tOxegWhpW0vlCM2TypIsw+ghzIr900U4RA=="
    }
  }
}
